
Microsoft Visual Studio Solution File, Format Version 12.00
# Visual Studio Version 17
VisualStudioVersion = 17.14.36915.13
MinimumVisualStudioVersion = 10.0.40219.1
Project("{FAE04EC0-301F-11D3-BF4B-00C04F79EFBC}") = "DoggyDaycare", "DoggyDaycare.csproj", "{E908E86B-3A4D-4540-9859-8155422E35E6}"
EndProject
Global
	GlobalSection(SolutionConfigurationPlatforms) = preSolution
		Debug|Any CPU = Debug|Any CPU
		Release|Any CPU = Release|Any CPU
	EndGlobalSection
	GlobalSection(ProjectConfigurationPlatforms) = postSolution
		{E908E86B-3A4D-4540-9859-8155422E35E6}.Debug|Any CPU.ActiveCfg = Debug|Any CPU
		{E908E86B-3A4D-4540-9859-8155422E35E6}.Debug|Any CPU.Build.0 = Debug|Any CPU
		{E908E86B-3A4D-4540-9859-8155422E35E6}.Release|Any CPU.ActiveCfg = Release|Any CPU
		{E908E86B-3A4D-4540-9859-8155422E35E6}.Release|Any CPU.Build.0 = Release|Any CPU
	EndGlobalSection
	GlobalSection(SolutionProperties) = preSolution
		HideSolutionNode = FALSE
	EndGlobalSection
	GlobalSection(ExtensibilityGlobals) = postSolution
		SolutionGuid = {2107F3B3-3BD2-4EDA-A7CD-23ACFDE6A2CB}
	EndGlobalSection
EndGlobal
